// !$*UTF8*$!
{
	archiveVersion = 1;
	classes = {
	};
	objectVersion = 50;
	objects = {

/* Begin PBXBuildFile section */
		FADB5FED247B85EB004D4E3A /* AppDelegate.swift in Sources */ = {isa = PBXBuildFile; fileRef = FADB5FEC247B85EB004D4E3A /* AppDelegate.swift */; };
		FADB5FEF247B85EB004D4E3A /* SceneDelegate.swift in Sources */ = {isa = PBXBuildFile; fileRef = FADB5FEE247B85EB004D4E3A /* SceneDelegate.swift */; };
		FADB5FF1247B85EB004D4E3A /* ViewController.swift in Sources */ = {isa = PBXBuildFile; fileRef = FADB5FF0247B85EB004D4E3A /* ViewController.swift */; };
		FADB5FF4247B85EB004D4E3A /* Main.storyboard in Resources */ = {isa = PBXBuildFile; fileRef = FADB5FF2247B85EB004D4E3A /* Main.storyboard */; };
		FADB5FF6247B85EC004D4E3A /* Assets.xcassets in Resources */ = {isa = PBXBuildFile; fileRef = FADB5FF5247B85EC004D4E3A /* Assets.xcassets */; };
		FADB5FF9247B85EC004D4E3A /* LaunchScreen.storyboard in Resources */ = {isa = PBXBuildFile; fileRef = FADB5FF7247B85EC004D4E3A /* LaunchScreen.storyboard */; };
		FADB6001247B864A004D4E3A /* htmlView.html in Resources */ = {isa = PBXBuildFile; fileRef = FADB6000247B864A004D4E3A /* htmlView.html */; };
		FADB6004247B8A8E004D4E3A /* WebKit.framework in Frameworks */ = {isa = PBXBuildFile; fileRef = FADB6003247B8A8E004D4E3A /* WebKit.framework */; };
/* End PBXBuildFile section */

/* Begin PBXFileReference section */
		FADB5FE9247B85EB004D4E3A /* Web.app */ = {isa = PBXFileReference; explicitFileType = wrapper.application; includeInIndex = 0; path = Web.app; sourceTree = BUILT_PRODUCTS_DIR; };
		FADB5FEC247B85EB004D4E3A /* AppDelegate.swift */ = {isa = PBXFileReference; lastKnownFileType = sourcecode.swift; path = AppDelegate.swift; sourceTree = "<group>"; };
		FADB5FEE247B85EB004D4E3A /* SceneDelegate.swift */ = {isa = PBXFileReference; lastKnownFileType = sourcecode.swift; path = SceneDelegate.swift; sourceTree = "<group>"; };
		FADB5FF0247B85EB004D4E3A /* ViewController.swift */ = {isa = PBXFileReference; lastKnownFileType = sourcecode.swift; path = ViewController.swift; sourceTree = "<group>"; };
		FADB5FF3247B85EB004D4E3A /* Base */ = {isa = PBXFileReference; lastKnownFileType = file.storyboard; name = Base; path = Base.lproj/Main.storyboard; sourceTree = "<group>"; };
		FADB5FF5247B85EC004D4E3A /* Assets.xcassets */ = {isa = PBXFileReference; lastKnownFileType = folder.assetcatalog; path = Assets.xcassets; sourceTree = "<group>"; };
		FADB5FF8247B85EC004D4E3A /* Base */ = {isa = PBXFileReference; lastKnownFileType = file.storyboard; name = Base; path = Base.lproj/LaunchScreen.storyboard; sourceTree = "<group>"; };
		FADB5FFA247B85EC004D4E3A /* Info.plist */ = {isa = PBXFileReference; lastKnownFileType = text.plist.xml; path = Info.plist; sourceTree = "<group>"; };
		FADB6000247B864A004D4E3A /* htmlView.html */ = {isa = PBXFileReference; lastKnownFileType = text.html; path = htmlView.html; sourceTree = "<group>"; };
		FADB6003247B8A8E004D4E3A /* WebKit.framework */ = {isa = PBXFileReference; lastKnownFileType = wrapper.framework; name = WebKit.framework; path = System/Library/Frameworks/WebKit.framework; sourceTree = SDKROOT; };
/* End PBXFileReference section */

/* Begin PBXFrameworksBuildPhase section */
		FADB5FE6247B85EB004D4E3A /* Frameworks */ = {
			isa = PBXFrameworksBuildPhase;
			buildActionMask = 2147483647;
			files = (
				FADB6004247B8A8E004D4E3A /* WebKit.framework in Frameworks */,
			);
			runOnlyForDeploymentPostprocessing = 0;
		};
/* End PBXFrameworksBuildPhase section */

/* Begin PBXGroup section */
		FADB5FE0247B85EB004D4E3A = {
			isa = PBXGroup;
			children = (
				FADB5FEB247B85EB004D4E3A /* Web */,
				FADB5FEA247B85EB004D4E3A /* Products */,
				FADB6002247B8A8D004D4E3A /* Frameworks */,
			);
			sourceTree = "<group>";
		};
		FADB5FEA247B85EB004D4E3A /* Products */ = {
			isa = PBXGroup;
			children = (
				FADB5FE9247B85EB004D4E3A /* Web.app */,
			);
			name = Products;
			sourceTree = "<group>";
		};
		FADB5FEB247B85EB004D4E3A /* Web */ = {
			isa = PBXGroup;
			children = (
				FADB5FEC247B85EB004D4E3A /* AppDelegate.swift */,
				FADB5FEE247B85EB004D4E3A /* SceneDelegate.swift */,
				FADB5FF0247B85EB004D4E3A /* ViewController.swift */,
				FADB5FF2247B85EB004D4E3A /* Main.storyboard */,
				FADB5FF5247B85EC004D4E3A /* Assets.xcassets */,
				FADB5FF7247B85EC004D4E3A /* LaunchScreen.storyboard */,
				FADB5FFA247B85EC004D4E3A /* Info.plist */,
				FADB6000247B864A004D4E3A /* htmlView.html */,
			);
			path = Web;
			sourceTree = "<group>";
		};
		FADB6002247B8A8D004D4E3A /* Frameworks */ = {
			isa = PBXGroup;
			children = (
				FADB6003247B8A8E004D4E3A /* WebKit.framework */,
			);
			name = Frameworks;
			sourceTree = "<group>";
		};
/* End PBXGroup section */

/* Begin PBXNativeTarget section */
		FADB5FE8247B85EB004D4E3A /* Web */ = {
			isa = PBXNativeTarget;
			buildConfigurationList = FADB5FFD247B85EC004D4E3A /* Build configuration list for PBXNativeTarget "Web" */;
			buildPhases = (
				FADB5FE5247B85EB004D4E3A /* Sources */,
				FADB5FE6247B85EB004D4E3A /* Frameworks */,
				FADB5FE7247B85EB004D4E3A /* Resources */,
			);
			buildRules = (
			);
			dependencies = (
			);
			name = Web;
			productName = Web;
			productReference = FADB5FE9247B85EB004D4E3A /* Web.app */;
			productType = "com.apple.product-type.application";
		};
/* End PBXNativeTarget section */

/* Begin PBXProject section */
		FADB5FE1247B85EB004D4E3A /* Project object */ = {
			isa = PBXProject;
			attributes = {
				LastSwiftUpdateCheck = 1140;
				LastUpgradeCheck = 1140;
				ORGANIZATIONNAME = Jana;
				TargetAttributes = {
					FADB5FE8247B85EB004D4E3A = {
						CreatedOnToolsVersion = 11.4.1;
					};
				};
			};
			buildConfigurationList = FADB5FE4247B85EB004D4E3A /* Build configuration list for PBXProject "Web" */;
			compatibilityVersion = "Xcode 9.3";
			developmentRegion = en;
			hasScannedForEncodings = 0;
			knownRegions = (
				en,
				Base,
			);
			mainGroup = FADB5FE0247B85EB004D4E3A;
			productRefGroup = FADB5FEA247B85EB004D4E3A /* Products */;
			projectDirPath = "";
			projectRoot = "";
			targets = (
				FADB5FE8247B85EB004D4E3A /* Web */,
			);
		};
/* End PBXProject section */

/* Begin PBXResourcesBuildPhase section */
		FADB5FE7247B85EB004D4E3A /* Resources */ = {
			isa = PBXResourcesBuildPhase;
			buildActionMask = 2147483647;
			files = (
				FADB6001247B864A004D4E3A /* htmlView.html in Resources */,
				FADB5FF9247B85EC004D4E3A /* LaunchScreen.storyboard in Resources */,
				FADB5FF6247B85EC004D4E3A /* Assets.xcassets in Resources */,
				FADB5FF4247B85EB004D4E3A /* Main.storyboard in Resources */,
			);
			runOnlyForDeploymentPostprocessing = 0;
		};
/* End PBXResourcesBuildPhase section */

/* Begin PBXSourcesBuildPhase section */
		FADB5FE5247B85EB004D4E3A /* Sources */ = {
			isa = PBXSourcesBuildPhase;
			buildActionMask = 2147483647;
			files = (
				FADB5FF1247B85EB004D4E3A /* ViewController.swift in Sources */,
				FADB5FED247B85EB004D4E3A /* AppDelegate.swift in Sources */,
				FADB5FEF247B85EB004D4E3A /* SceneDelegate.swift in Sources */,
			);
			runOnlyForDeploymentPostprocessing = 0;
		};
/* End PBXSourcesBuildPhase section */

/* Begin PBXVariantGroup section */
		FADB5FF2247B85EB004D4E3A /* Main.storyboard */ = {
			isa = PBXVariantGroup;
			children = (
				FADB5FF3247B85EB004D4E3A /* Base */,
			);
			name = Main.storyboard;
			sourceTree = "<group>";
		};
		FADB5FF7247B85EC004D4E3A /* LaunchScreen.storyboard */ = {
			isa = PBXVariantGroup;
			children = (
				FADB5FF8247B85EC004D4E3A /* Base */,
			);
			name = LaunchScreen.storyboard;
			sourceTree = "<group>";
		};
/* End PBXVariantGroup section */

/* Begin XCBuildConfiguration section */
		FADB5FFB247B85EC004D4E3A /* Debug */ = {
			isa = XCBuildConfiguration;
			buildSettings = {
				ALWAYS_SEARCH_USER_PATHS = NO;
				CLANG_ANALYZER_NONNULL = YES;
				CLANG_ANALYZER_NUMBER_OBJECT_CONVERSION = YES_AGGRESSIVE;
				CLANG_CXX_LANGUAGE_STANDARD = "gnu++14";
				CLANG_CXX_LIBRARY = "libc++";
				CLANG_ENABLE_MODULES = YES;
				CLANG_ENABLE_OBJC_ARC = YES;
				CLANG_ENABLE_OBJC_WEAK = YES;
				CLANG_WARN_BLOCK_CAPTURE_AUTORELEASING = YES;
				CLANG_WARN_BOOL_CONVERSION = YES;
				CLANG_WARN_COMMA = YES;
				CLANG_WARN_CONSTANT_CONVERSION = YES;
				CLANG_WARN_DEPRECATED_OBJC_IMPLEMENTATIONS = YES;
				CLANG_WARN_DIRECT_OBJC_ISA_USAGE = YES_ERROR;
				CLANG_WARN_DOCUMENTATION_COMMENTS = YES;
				CLANG_WARN_EMPTY_BODY = YES;
				CLANG_WARN_ENUM_CONVERSION = YES;
				CLANG_WARN_INFINITE_RECURSION = YES;
				CLANG_WARN_INT_CONVERSION = YES;
				CLANG_WARN_NON_LITERAL_NULL_CONVERSION = YES;
				CLANG_WARN_OBJC_IMPLICIT_RETAIN_SELF = YES;
				CLANG_WARN_OBJC_LITERAL_CONVERSION = YES;
				CLANG_WARN_OBJC_ROOT_CLASS = YES_ERROR;
				CLANG_WARN_RANGE_LOOP_ANALYSIS = YES;
				CLANG_WARN_STRICT_PROTOTYPES = YES;
				CLANG_WARN_SUSPICIOUS_MOVE = YES;
				CLANG_WARN_UNGUARDED_AVAILABILITY = YES_AGGRESSIVE;
				CLANG_WARN_UNREACHABLE_CODE = YES;
				CLANG_WARN__DUPLICATE_METHOD_MATCH = YES;
				COPY_PHASE_STRIP = NO;
				DEBUG_INFORMATION_FORMAT = dwarf;
				ENABLE_STRICT_OBJC_MSGSEND = YES;
				ENABLE_TESTABILITY = YES;
				GCC_C_LANGUAGE_STANDARD = gnu11;
				GCC_DYNAMIC_NO_PIC = NO;
				GCC_NO_COMMON_BLOCKS = YES;
				GCC_OPTIMIZATION_LEVEL = 0;
				GCC_PREPROCESSOR_DEFINITIONS = (
					"DEBUG=1",
					"$(inherited)",
				);
				GCC_WARN_64_TO_32_BIT_CONVERSION = YES;
				GCC_WARN_ABOUT_RETURN_TYPE = YES_ERROR;
				GCC_WARN_UNDECLARED_SELECTOR = YES;
				GCC_WARN_UNINITIALIZED_AUTOS = YES_AGGRESSIVE;
				GCC_WARN_UNUSED_FUNCTION = YES;
				GCC_WARN_UNUSED_VARIABLE = YES;
				IPHONEOS_DEPLOYMENT_TARGET = 13.4;
				MTL_ENABLE_DEBUG_INFO = INCLUDE_SOURCE;
				MTL_FAST_MATH = YES;
				ONLY_ACTIVE_ARCH = YES;
				SDKROOT = iphoneos;
				SWIFT_ACTIVE_COMPILATION_CONDITIONS = DEBUG;
				SWIFT_OPTIMIZATION_LEVEL = "-Onone";
			};
			name = Debug;
		};
		FADB5FFC247B85EC004D4E3A /* Release */ = {
			isa = XCBuildConfiguration;
			buildSettings = {
				ALWAYS_SEARCH_USER_PATHS = NO;
				CLANG_ANALYZER_NONNULL = YES;
				CLANG_ANALYZER_NUMBER_OBJECT_CONVERSION = YES_AGGRESSIVE;
				CLANG_CXX_LANGUAGE_STANDARD = "gnu++14";
				CLANG_CXX_LIBRARY = "libc++";
				CLANG_ENABLE_MODULES = YES;
				CLANG_ENABLE_OBJC_ARC = YES;
				CLANG_ENABLE_OBJC_WEAK = YES;
				CLANG_WARN_BLOCK_CAPTURE_AUTORELEASING = YES;
				CLANG_WARN_BOOL_CONVERSION = YES;
				CLANG_WARN_COMMA = YES;
				CLANG_WARN_CONSTANT_CONVERSION = YES;
				CLANG_WARN_DEPRECATED_OBJC_IMPLEMENTATIONS = YES;
				CLANG_WARN_DIRECT_OBJC_ISA_USAGE = YES_ERROR;
				CLANG_WARN_DOCUMENTATION_COMMENTS = YES;
				CLANG_WARN_EMPTY_BODY = YES;
				CLANG_WARN_ENUM_CONVERSION = YES;
				CLANG_WARN_INFINITE_RECURSION = YES;
				CLANG_WARN_INT_CONVERSION = YES;
				CLANG_WARN_NON_LITERAL_NULL_CONVERSION = YES;
				CLANG_WARN_OBJC_IMPLICIT_RETAIN_SELF = YES;
				CLANG_WARN_OBJC_LITERAL_CONVERSION = YES;
				CLANG_WARN_OBJC_ROOT_CLASS = YES_ERROR;
				CLANG_WARN_RANGE_LOOP_ANALYSIS = YES;
				CLANG_WARN_STRICT_PROTOTYPES = YES;
				CLANG_WARN_SUSPICIOUS_MOVE = YES;
				CLANG_WARN_UNGUARDED_AVAILABILITY = YES_AGGRESSIVE;
				CLANG_WARN_UNREACHABLE_CODE = YES;
				CLANG_WARN__DUPLICATE_METHOD_MATCH = YES;
				COPY_PHASE_STRIP = NO;
				DEBUG_INFORMATION_FORMAT = "dwarf-with-dsym";
				ENABLE_NS_ASSERTIONS = NO;
				ENABLE_STRICT_OBJC_MSGSEND = YES;
				GCC_C_LANGUAGE_STANDARD = gnu11;
				GCC_NO_COMMON_BLOCKS = YES;
				GCC_WARN_64_TO_32_BIT_CONVERSION = YES;
				GCC_WARN_ABOUT_RETURN_TYPE = YES_ERROR;
				GCC_WARN_UNDECLARED_SELECTOR = YES;
				GCC_WARN_UNINITIALIZED_AUTOS = YES_AGGRESSIVE;
				GCC_WARN_UNUSED_FUNCTION = YES;
				GCC_WARN_UNUSED_VARIABLE = YES;
				IPHONEOS_DEPLOYMENT_TARGET = 13.4;
				MTL_ENABLE_DEBUG_INFO = NO;
				MTL_FAST_MATH = YES;
				SDKROOT = iphoneos;
				SWIFT_COMPILATION_MODE = wholemodule;
				SWIFT_OPTIMIZATION_LEVEL = "-O";
				VALIDATE_PRODUCT = YES;
			};
			name = Release;
		};
		FADB5FFE247B85EC004D4E3A /* Debug */ = {
			isa = XCBuildConfiguration;
			buildSettings = {
				ASSETCATALOG_COMPILER_APPICON_NAME = AppIcon;
				CODE_SIGN_STYLE = Automatic;
				INFOPLIST_FILE = Web/Info.plist;
				LD_RUNPATH_SEARCH_PATHS = (
					"$(inherited)",
					"@executable_path/Frameworks",
				);
				PRODUCT_BUNDLE_IDENTIFIER = com.jana.Web;
				PRODUCT_NAME = "$(TARGET_NAME)";
				SWIFT_VERSION = 5.0;
				TARGETED_DEVICE_FAMILY = "1,2";
			};
			name = Debug;
		};
		FADB5FFF247B85EC004D4E3A /* Release */ = {
			isa = XCBuildConfiguration;
			buildSettings = {
				ASSETCATALOG_COMPILER_APPICON_NAME = AppIcon;
				CODE_SIGN_STYLE = Automatic;
				INFOPLIST_FILE = Web/Info.plist;
				LD_RUNPATH_SEARCH_PATHS = (
					"$(inherited)",
					"@executable_path/Frameworks",
				);
				PRODUCT_BUNDLE_IDENTIFIER = com.jana.Web;
				PRODUCT_NAME = "$(TARGET_NAME)";
				SWIFT_VERSION = 5.0;
				TARGETED_DEVICE_FAMILY = "1,2";
			};
			name = Release;
		};
/* End XCBuildConfiguration section */

/* Begin XCConfigurationList section */
		FADB5FE4247B85EB004D4E3A /* Build configuration list for PBXProject "Web" */ = {
			isa = XCConfigurationList;
			buildConfigurations = (
				FADB5FFB247B85EC004D4E3A /* Debug */,
				FADB5FFC247B85EC004D4E3A /* Release */,
			);
			defaultConfigurationIsVisible = 0;
			defaultConfigurationName = Release;
		};
		FADB5FFD247B85EC004D4E3A /* Build configuration list for PBXNativeTarget "Web" */ = {
			isa = XCConfigurationList;
			buildConfigurations = (
				FADB5FFE247B85EC004D4E3A /* Debug */,
				FADB5FFF247B85EC004D4E3A /* Release */,
			);
			defaultConfigurationIsVisible = 0;
			defaultConfigurationName = Release;
		};
/* End XCConfigurationList section */
	};
	rootObject = FADB5FE1247B85EB004D4E3A /* Project object */;
}
